
Microsoft Visual Studio Solution File, Format Version 12.00
# Visual Studio 14
VisualStudioVersion = 14.0.25420.1
MinimumVisualStudioVersion = 10.0.40219.1
Project("{FAE04EC0-301F-11D3-BF4B-00C04F79EFBC}") = "SecurityAdmin", "..\SecurityAdmin\SecurityAdmin.csproj", "{51A371E8-C65D-42EB-9A85-B0012BCCAAF1}"
EndProject
Project("{FAE04EC0-301F-11D3-BF4B-00C04F79EFBC}") = "FireData", "FireData\FireData.csproj", "{1A5DDE1A-317A-4760-9230-4A3927ABDF6E}"
EndProject
Project("{FAE04EC0-301F-11D3-BF4B-00C04F79EFBC}") = "FireAttendance", "FireAttendance\FireAttendance.csproj", "{19DDA5B5-EFEB-41CF-B0E7-4944D4466EA4}"
EndProject
Global
	GlobalSection(SolutionConfigurationPlatforms) = preSolution
		Debug|Any CPU = Debug|Any CPU
		Release|Any CPU = Release|Any CPU
	EndGlobalSection
	GlobalSection(ProjectConfigurationPlatforms) = postSolution
		{51A371E8-C65D-42EB-9A85-B0012BCCAAF1}.Debug|Any CPU.ActiveCfg = Debug|Any CPU
		{51A371E8-C65D-42EB-9A85-B0012BCCAAF1}.Debug|Any CPU.Build.0 = Debug|Any CPU
		{51A371E8-C65D-42EB-9A85-B0012BCCAAF1}.Release|Any CPU.ActiveCfg = Release|Any CPU
		{51A371E8-C65D-42EB-9A85-B0012BCCAAF1}.Release|Any CPU.Build.0 = Release|Any CPU
		{1A5DDE1A-317A-4760-9230-4A3927ABDF6E}.Debug|Any CPU.ActiveCfg = Debug|Any CPU
		{1A5DDE1A-317A-4760-9230-4A3927ABDF6E}.Debug|Any CPU.Build.0 = Debug|Any CPU
		{1A5DDE1A-317A-4760-9230-4A3927ABDF6E}.Release|Any CPU.ActiveCfg = Release|Any CPU
		{1A5DDE1A-317A-4760-9230-4A3927ABDF6E}.Release|Any CPU.Build.0 = Release|Any CPU
		{19DDA5B5-EFEB-41CF-B0E7-4944D4466EA4}.Debug|Any CPU.ActiveCfg = Debug|Any CPU
		{19DDA5B5-EFEB-41CF-B0E7-4944D4466EA4}.Debug|Any CPU.Build.0 = Debug|Any CPU
		{19DDA5B5-EFEB-41CF-B0E7-4944D4466EA4}.Release|Any CPU.ActiveCfg = Release|Any CPU
		{19DDA5B5-EFEB-41CF-B0E7-4944D4466EA4}.Release|Any CPU.Build.0 = Release|Any CPU
	EndGlobalSection
	GlobalSection(SolutionProperties) = preSolution
		HideSolutionNode = FALSE
	EndGlobalSection
	GlobalSection(TeamFoundationVersionControl) = preSolution
		SccNumberOfProjects = 4
		SccEnterpriseProvider = {4CA58AB2-18FA-4F8D-95D4-32DDF27D184C}
		SccTeamFoundationServer = https://bugucloud-cow.visualstudio.com/
		SccLocalPath0 = .
		SccProjectUniqueName1 = ..\\SecurityAdmin\\SecurityAdmin.csproj
		SccProjectName1 = ../COW/SecurityAdmin
		SccLocalPath1 = ..\\SecurityAdmin
		SccProjectUniqueName2 = FireData\\FireData.csproj
		SccProjectName2 = FireData
		SccLocalPath2 = FireData
		SccProjectUniqueName3 = FireAttendance\\FireAttendance.csproj
		SccProjectName3 = FireAttendance
		SccLocalPath3 = FireAttendance
	EndGlobalSection
EndGlobal
